
Microsoft Visual Studio Solution File, Format Version 12.00
# Visual Studio Version 16
VisualStudioVersion = 16.0.32228.343
MinimumVisualStudioVersion = 10.0.40219.1
Project("{9A19103F-16F7-4668-BE54-9A1E7A4F7556}") = "StarterProject", "StarterProject\StarterProject.csproj", "{3F6A4BC4-9926-408E-AD46-94477C7A6051}"
EndProject
Project("{9A19103F-16F7-4668-BE54-9A1E7A4F7556}") = "Infrastructure", "Infrastructure\Infrastructure.csproj", "{CEF61148-3BF9-4E87-A412-3F24FEF9D79D}"
EndProject
Project("{FAE04EC0-301F-11D3-BF4B-00C04F79EFBC}") = "DataLayer", "DataLayer\DataLayer.csproj", "{453A3656-76B8-4E2E-A4FD-FCA76C96BD81}"
EndProject
Global
	GlobalSection(SolutionConfigurationPlatforms) = preSolution
		Debug|Any CPU = Debug|Any CPU
		Release|Any CPU = Release|Any CPU
	EndGlobalSection
	GlobalSection(ProjectConfigurationPlatforms) = postSolution
		{3F6A4BC4-9926-408E-AD46-94477C7A6051}.Debug|Any CPU.ActiveCfg = Debug|Any CPU
		{3F6A4BC4-9926-408E-AD46-94477C7A6051}.Debug|Any CPU.Build.0 = Debug|Any CPU
		{3F6A4BC4-9926-408E-AD46-94477C7A6051}.Release|Any CPU.ActiveCfg = Release|Any CPU
		{3F6A4BC4-9926-408E-AD46-94477C7A6051}.Release|Any CPU.Build.0 = Release|Any CPU
		{CEF61148-3BF9-4E87-A412-3F24FEF9D79D}.Debug|Any CPU.ActiveCfg = Debug|Any CPU
		{CEF61148-3BF9-4E87-A412-3F24FEF9D79D}.Debug|Any CPU.Build.0 = Debug|Any CPU
		{CEF61148-3BF9-4E87-A412-3F24FEF9D79D}.Release|Any CPU.ActiveCfg = Release|Any CPU
		{CEF61148-3BF9-4E87-A412-3F24FEF9D79D}.Release|Any CPU.Build.0 = Release|Any CPU
		{453A3656-76B8-4E2E-A4FD-FCA76C96BD81}.Debug|Any CPU.ActiveCfg = Debug|Any CPU
		{453A3656-76B8-4E2E-A4FD-FCA76C96BD81}.Debug|Any CPU.Build.0 = Debug|Any CPU
		{453A3656-76B8-4E2E-A4FD-FCA76C96BD81}.Release|Any CPU.ActiveCfg = Release|Any CPU
		{453A3656-76B8-4E2E-A4FD-FCA76C96BD81}.Release|Any CPU.Build.0 = Release|Any CPU
	EndGlobalSection
	GlobalSection(SolutionProperties) = preSolution
		HideSolutionNode = FALSE
	EndGlobalSection
	GlobalSection(ExtensibilityGlobals) = postSolution
		SolutionGuid = {E2B3D574-EAF2-46F1-80D9-A775977FCA3E}
	EndGlobalSection
EndGlobal
